
Microsoft Visual Studio Solution File, Format Version 12.00
# Visual Studio Version 17
VisualStudioVersion = 17.13.35818.85 d17.13
MinimumVisualStudioVersion = 10.0.40219.1
Project("{FAE04EC0-301F-11D3-BF4B-00C04F79EFBC}") = "tpmodul14_2211104008", "tpmodul14_2211104008\tpmodul14_2211104008.csproj", "{0552F2E1-ED76-43D0-89C3-9F889BC5327E}"
EndProject
Global
	GlobalSection(SolutionConfigurationPlatforms) = preSolution
		Debug|Any CPU = Debug|Any CPU
		Release|Any CPU = Release|Any CPU
	EndGlobalSection
	GlobalSection(ProjectConfigurationPlatforms) = postSolution
		{0552F2E1-ED76-43D0-89C3-9F889BC5327E}.Debug|Any CPU.ActiveCfg = Debug|Any CPU
		{0552F2E1-ED76-43D0-89C3-9F889BC5327E}.Debug|Any CPU.Build.0 = Debug|Any CPU
		{0552F2E1-ED76-43D0-89C3-9F889BC5327E}.Release|Any CPU.ActiveCfg = Release|Any CPU
		{0552F2E1-ED76-43D0-89C3-9F889BC5327E}.Release|Any CPU.Build.0 = Release|Any CPU
	EndGlobalSection
	GlobalSection(SolutionProperties) = preSolution
		HideSolutionNode = FALSE
	EndGlobalSection
	GlobalSection(ExtensibilityGlobals) = postSolution
		SolutionGuid = {10943BAA-4342-4F37-8A03-E6A4F8CDA0F8}
	EndGlobalSection
EndGlobal
