
Microsoft Visual Studio Solution File, Format Version 12.00
# Visual Studio Version 17
VisualStudioVersion = 17.13.35818.85 d17.13
MinimumVisualStudioVersion = 10.0.40219.1
Project("{FAE04EC0-301F-11D3-BF4B-00C04F79EFBC}") = "modul13_2211104008", "modul13_2211104008\modul13_2211104008.csproj", "{BED91579-FF0F-43ED-95C8-630FDBC2B5EF}"
EndProject
Global
	GlobalSection(SolutionConfigurationPlatforms) = preSolution
		Debug|Any CPU = Debug|Any CPU
		Release|Any CPU = Release|Any CPU
	EndGlobalSection
	GlobalSection(ProjectConfigurationPlatforms) = postSolution
		{BED91579-FF0F-43ED-95C8-630FDBC2B5EF}.Debug|Any CPU.ActiveCfg = Debug|Any CPU
		{BED91579-FF0F-43ED-95C8-630FDBC2B5EF}.Debug|Any CPU.Build.0 = Debug|Any CPU
		{BED91579-FF0F-43ED-95C8-630FDBC2B5EF}.Release|Any CPU.ActiveCfg = Release|Any CPU
		{BED91579-FF0F-43ED-95C8-630FDBC2B5EF}.Release|Any CPU.Build.0 = Release|Any CPU
	EndGlobalSection
	GlobalSection(SolutionProperties) = preSolution
		HideSolutionNode = FALSE
	EndGlobalSection
	GlobalSection(ExtensibilityGlobals) = postSolution
		SolutionGuid = {0081D63D-0067-4BC3-96F0-C8D42F180A58}
	EndGlobalSection
EndGlobal
